<?xml version="1.0" encoding="utf-8"?>
<Project ToolsVersion="4.0" xmlns="http://schemas.microsoft.com/developer/msbuild/2003">
  <ItemGroup>
    <Filter Include="Win32">
      <UniqueIdentifier>{78C2600E-E4D6-88BF-AD58-2C1F192C85F0}</UniqueIdentifier>
    </Filter>
  </ItemGroup>
  <ItemGroup>
    <ClInclude Include="SidechainCompressorPlugin.h" />
    <ClInclude Include="Win32\SidechainCompressorPluginGUI.h">
      <Filter>Win32</Filter>
    </ClInclude>
    <ClInclude Include="resource.h" />
  </ItemGroup>
  <ItemGroup>
    <ClCompile Include="SidechainCompressorPlugin.cpp" />
    <ClCompile Include="Win32\SidechainCompressorPluginGUI.cpp">
      <Filter>Win32</Filter>
    </ClCompile>
  </ItemGroup>
  <ItemGroup>
    <None Include="SidechainCompressor.def" />
  </ItemGroup>
  <ItemGroup>
    <CustomBuild Include="SidechainCompressor.xml" />
  </ItemGroup>
  <ItemGroup>
    <ResourceCompile Include="SidechainCompressor.rc" />
  </ItemGroup>
</Project>